{
  "pins" : [
    {
      "identity" : "facebook-ios-sdk",
      "kind" : "remoteSourceControl",
      "location" : "https://github.com/facebook/facebook-ios-sdk",
      "state" : {
        "branch" : "main",
        "revision" : "a5a925d9b4ce72591e6363ab27f8d2f82497dace"
      }
    }
  ],
  "version" : 2
}
