{
  "pins" : [
    {
      "identity" : "facebook-ios-sdk",
      "kind" : "remoteSourceControl",
      "location" : "https://github.com/facebook/facebook-ios-sdk",
      "state" : {
        "branch" : "main",
        "revision" : "3efcd0d37c26727db57de031edc2243b3385cd85"
      }
    }
  ],
  "version" : 2
}
